
Microsoft Visual Studio Solution File, Format Version 12.00
# Visual Studio 15
VisualStudioVersion = 15.0.28307.1022
MinimumVisualStudioVersion = 10.0.40219.1
Project("{8BC9CEB8-8B4A-11D0-8D11-00A0C91BC942}") = "Cuda_Function_Lib", "Cuda_Function_Lib\Cuda_Function_Lib.vcxproj", "{FB175E29-6E3C-4779-A1E5-D96614761B2B}"
EndProject
Global
	GlobalSection(SolutionConfigurationPlatforms) = preSolution
		Debug|x64 = Debug|x64
		Debug|x86 = Debug|x86
		Release|x64 = Release|x64
		Release|x86 = Release|x86
	EndGlobalSection
	GlobalSection(ProjectConfigurationPlatforms) = postSolution
		{FB175E29-6E3C-4779-A1E5-D96614761B2B}.Debug|x64.ActiveCfg = Debug|x64
		{FB175E29-6E3C-4779-A1E5-D96614761B2B}.Debug|x64.Build.0 = Debug|x64
		{FB175E29-6E3C-4779-A1E5-D96614761B2B}.Debug|x86.ActiveCfg = Debug|Win32
		{FB175E29-6E3C-4779-A1E5-D96614761B2B}.Debug|x86.Build.0 = Debug|Win32
		{FB175E29-6E3C-4779-A1E5-D96614761B2B}.Release|x64.ActiveCfg = Release|x64
		{FB175E29-6E3C-4779-A1E5-D96614761B2B}.Release|x64.Build.0 = Release|x64
		{FB175E29-6E3C-4779-A1E5-D96614761B2B}.Release|x86.ActiveCfg = Release|Win32
		{FB175E29-6E3C-4779-A1E5-D96614761B2B}.Release|x86.Build.0 = Release|Win32
	EndGlobalSection
	GlobalSection(SolutionProperties) = preSolution
		HideSolutionNode = FALSE
	EndGlobalSection
	GlobalSection(ExtensibilityGlobals) = postSolution
		SolutionGuid = {AC975A2B-3605-4557-A6EE-8D0F67FBA5B0}
	EndGlobalSection
EndGlobal
